
Microsoft Visual Studio Solution File, Format Version 12.00
# Visual Studio Version 17
VisualStudioVersion = 17.6.33829.357
MinimumVisualStudioVersion = 10.0.40219.1
Project("{FAE04EC0-301F-11D3-BF4B-00C04F79EFBC}") = "RazorGoL", "RazorGoL\RazorGoL.csproj", "{5DD98B7B-B41B-4245-8289-9730055CDCAA}"
EndProject
Global
	GlobalSection(SolutionConfigurationPlatforms) = preSolution
		Debug|Any CPU = Debug|Any CPU
		Release|Any CPU = Release|Any CPU
	EndGlobalSection
	GlobalSection(ProjectConfigurationPlatforms) = postSolution
		{5DD98B7B-B41B-4245-8289-9730055CDCAA}.Debug|Any CPU.ActiveCfg = Debug|Any CPU
		{5DD98B7B-B41B-4245-8289-9730055CDCAA}.Debug|Any CPU.Build.0 = Debug|Any CPU
		{5DD98B7B-B41B-4245-8289-9730055CDCAA}.Release|Any CPU.ActiveCfg = Release|Any CPU
		{5DD98B7B-B41B-4245-8289-9730055CDCAA}.Release|Any CPU.Build.0 = Release|Any CPU
	EndGlobalSection
	GlobalSection(SolutionProperties) = preSolution
		HideSolutionNode = FALSE
	EndGlobalSection
	GlobalSection(ExtensibilityGlobals) = postSolution
		SolutionGuid = {D71ACDA8-E282-428E-A2E5-9358B190CA27}
	EndGlobalSection
EndGlobal
